{
  "version": 4,
  "terraform_version": "0.15.5",
  "serial": 36,
  "lineage": "f036169b-e100-6ba1-e4d2-c2115bb7a375",
  "outputs": {},
  "resources": [
    {
      "module": "module.pubsub",
      "mode": "data",
      "type": "google_project",
      "name": "project",
      "provider": "provider[\"registry.terraform.io/hashicorp/google\"]",
      "instances": [
        {
          "schema_version": 0,
          "attributes": {
            "auto_create_network": null,
            "billing_account": "01D26D-0D4926-79E265",
            "folder_id": "",
            "id": "projects/terraform-test-hejda",
            "labels": {},
            "name": "terraform-test-hejda",
            "number": "679168041743",
            "org_id": "512400144796",
            "project_id": "terraform-test-hejda",
            "skip_delete": null
          },
          "sensitive_attributes": []
        }
      ]
    },
    {
      "module": "module.pubsub",
      "mode": "managed",
      "type": "google_pubsub_subscription",
      "name": "black_hole",
      "provider": "provider[\"registry.terraform.io/hashicorp/google\"]",
      "instances": [
        {
          "index_key": "topic-c",
          "schema_version": 0,
          "attributes": {
            "ack_deadline_seconds": 10,
            "dead_letter_policy": [],
            "enable_message_ordering": false,
            "expiration_policy": [
              {
                "ttl": ""
              }
            ],
            "filter": "",
            "id": "projects/terraform-test-hejda/subscriptions/topic-c-black-hole",
            "labels": {},
            "message_retention_duration": "600s",
            "name": "topic-c-black-hole",
            "path": "projects/terraform-test-hejda/subscriptions/topic-c-black-hole",
            "project": "terraform-test-hejda",
            "push_config": [],
            "retain_acked_messages": false,
            "retry_policy": [],
            "timeouts": null,
            "topic": "projects/terraform-test-hejda/topics/topic-c"
          },
          "sensitive_attributes": [],
          "private": "eyJlMmJmYjczMC1lY2FhLTExZTYtOGY4OC0zNDM2M2JjN2M0YzAiOnsiY3JlYXRlIjozNjAwMDAwMDAwMDAsImRlbGV0ZSI6MjQwMDAwMDAwMDAwLCJ1cGRhdGUiOjM2MDAwMDAwMDAwMH19",
          "dependencies": [
            "module.pubsub.google_pubsub_topic.default"
          ]
        }
      ]
    },
    {
      "module": "module.pubsub",
      "mode": "managed",
      "type": "google_pubsub_subscription",
      "name": "default",
      "provider": "provider[\"registry.terraform.io/hashicorp/google\"]",
      "instances": [
        {
          "index_key": "topic-a",
          "schema_version": 0,
          "attributes": {
            "ack_deadline_seconds": 60,
            "dead_letter_policy": [],
            "enable_message_ordering": false,
            "expiration_policy": [
              {
                "ttl": ""
              }
            ],
            "filter": "",
            "id": "projects/terraform-test-hejda/subscriptions/topic-a",
            "labels": {},
            "message_retention_duration": "604800s",
            "name": "topic-a",
            "path": "projects/terraform-test-hejda/subscriptions/topic-a",
            "project": "terraform-test-hejda",
            "push_config": [],
            "retain_acked_messages": false,
            "retry_policy": [
              {
                "maximum_backoff": "300s",
                "minimum_backoff": "10s"
              }
            ],
            "timeouts": null,
            "topic": "projects/terraform-test-hejda/topics/topic-a"
          },
          "sensitive_attributes": [],
          "private": "eyJlMmJmYjczMC1lY2FhLTExZTYtOGY4OC0zNDM2M2JjN2M0YzAiOnsiY3JlYXRlIjozNjAwMDAwMDAwMDAsImRlbGV0ZSI6MjQwMDAwMDAwMDAwLCJ1cGRhdGUiOjM2MDAwMDAwMDAwMH19",
          "dependencies": [
            "module.pubsub.google_pubsub_topic.default",
            "module.pubsub.google_pubsub_topic.dlq"
          ]
        },
        {
          "index_key": "topic-b",
          "schema_version": 0,
          "attributes": {
            "ack_deadline_seconds": 60,
            "dead_letter_policy": [
              {
                "dead_letter_topic": "projects/terraform-test-hejda/topics/topic-b-error",
                "max_delivery_attempts": 5
              }
            ],
            "enable_message_ordering": false,
            "expiration_policy": [
              {
                "ttl": ""
              }
            ],
            "filter": "",
            "id": "projects/terraform-test-hejda/subscriptions/topic-b",
            "labels": null,
            "message_retention_duration": "604800s",
            "name": "topic-b",
            "path": "projects//subscriptions/topic-b",
            "project": "terraform-test-hejda",
            "push_config": [],
            "retain_acked_messages": false,
            "retry_policy": [
              {
                "maximum_backoff": "300s",
                "minimum_backoff": "10s"
              }
            ],
            "timeouts": null,
            "topic": "projects/terraform-test-hejda/topics/topic-b"
          },
          "sensitive_attributes": [],
          "private": "eyJlMmJmYjczMC1lY2FhLTExZTYtOGY4OC0zNDM2M2JjN2M0YzAiOnsiY3JlYXRlIjozNjAwMDAwMDAwMDAsImRlbGV0ZSI6MjQwMDAwMDAwMDAwLCJ1cGRhdGUiOjM2MDAwMDAwMDAwMH19",
          "dependencies": [
            "module.pubsub.google_pubsub_topic.default",
            "module.pubsub.google_pubsub_topic.dlq"
          ]
        }
      ]
    },
    {
      "module": "module.pubsub",
      "mode": "managed",
      "type": "google_pubsub_subscription",
      "name": "error_queue",
      "provider": "provider[\"registry.terraform.io/hashicorp/google\"]",
      "instances": [
        {
          "index_key": "topic-b",
          "schema_version": 0,
          "attributes": {
            "ack_deadline_seconds": 10,
            "dead_letter_policy": [],
            "enable_message_ordering": false,
            "expiration_policy": [
              {
                "ttl": "2678400s"
              }
            ],
            "filter": "",
            "id": "projects/terraform-test-hejda/subscriptions/topic-b-error",
            "labels": {},
            "message_retention_duration": "604800s",
            "name": "topic-b-error",
            "path": "projects/terraform-test-hejda/subscriptions/topic-b-error",
            "project": "terraform-test-hejda",
            "push_config": [],
            "retain_acked_messages": false,
            "retry_policy": [],
            "timeouts": null,
            "topic": "projects/terraform-test-hejda/topics/topic-b-error"
          },
          "sensitive_attributes": [],
          "private": "eyJlMmJmYjczMC1lY2FhLTExZTYtOGY4OC0zNDM2M2JjN2M0YzAiOnsiY3JlYXRlIjozNjAwMDAwMDAwMDAsImRlbGV0ZSI6MjQwMDAwMDAwMDAwLCJ1cGRhdGUiOjM2MDAwMDAwMDAwMH19",
          "dependencies": [
            "module.pubsub.google_pubsub_topic.default",
            "module.pubsub.google_pubsub_topic.dlq"
          ]
        }
      ]
    },
    {
      "module": "module.pubsub",
      "mode": "managed",
      "type": "google_pubsub_subscription_iam_member",
      "name": "internal_subscribers",
      "provider": "provider[\"registry.terraform.io/hashicorp/google\"]",
      "instances": [
        {
          "index_key": "topic-b-error",
          "schema_version": 0,
          "attributes": {
            "condition": [],
            "etag": "BwXMf76dOKg=",
            "id": "projects/terraform-test-hejda/subscriptions/topic-b-error/roles/pubsub.subscriber/serviceAccount:service-679168041743@gcp-sa-pubsub.iam.gserviceaccount.com",
            "member": "serviceAccount:service-679168041743@gcp-sa-pubsub.iam.gserviceaccount.com",
            "project": null,
            "role": "roles/pubsub.subscriber",
            "subscription": "topic-b-error"
          },
          "sensitive_attributes": [],
          "private": "bnVsbA==",
          "dependencies": [
            "module.pubsub.google_pubsub_subscription.error_queue",
            "module.pubsub.google_pubsub_topic.default",
            "module.pubsub.google_pubsub_topic.dlq",
            "module.pubsub.data.google_project.project"
          ]
        }
      ]
    },
    {
      "module": "module.pubsub",
      "mode": "managed",
      "type": "google_pubsub_subscription_iam_member",
      "name": "internal_subscribers_to_original_queues",
      "provider": "provider[\"registry.terraform.io/hashicorp/google\"]",
      "instances": [
        {
          "index_key": "topic-a",
          "schema_version": 0,
          "attributes": {
            "condition": [],
            "etag": "BwXMgVwywpA=",
            "id": "projects/terraform-test-hejda/subscriptions/topic-a/roles/pubsub.subscriber/serviceAccount:service-679168041743@gcp-sa-pubsub.iam.gserviceaccount.com",
            "member": "serviceAccount:service-679168041743@gcp-sa-pubsub.iam.gserviceaccount.com",
            "project": null,
            "role": "roles/pubsub.subscriber",
            "subscription": "topic-a"
          },
          "sensitive_attributes": [],
          "private": "bnVsbA==",
          "dependencies": [
            "module.pubsub.data.google_project.project",
            "module.pubsub.google_pubsub_subscription.default",
            "module.pubsub.google_pubsub_topic.default",
            "module.pubsub.google_pubsub_topic.dlq"
          ]
        },
        {
          "index_key": "topic-b",
          "schema_version": 0,
          "attributes": {
            "condition": [],
            "etag": "BwXMgVwxRFA=",
            "id": "projects/terraform-test-hejda/subscriptions/topic-b/roles/pubsub.subscriber/serviceAccount:service-679168041743@gcp-sa-pubsub.iam.gserviceaccount.com",
            "member": "serviceAccount:service-679168041743@gcp-sa-pubsub.iam.gserviceaccount.com",
            "project": null,
            "role": "roles/pubsub.subscriber",
            "subscription": "topic-b"
          },
          "sensitive_attributes": [],
          "private": "bnVsbA==",
          "dependencies": [
            "module.pubsub.data.google_project.project",
            "module.pubsub.google_pubsub_subscription.default",
            "module.pubsub.google_pubsub_topic.default",
            "module.pubsub.google_pubsub_topic.dlq"
          ]
        }
      ]
    },
    {
      "module": "module.pubsub",
      "mode": "managed",
      "type": "google_pubsub_topic",
      "name": "default",
      "provider": "provider[\"registry.terraform.io/hashicorp/google\"]",
      "instances": [
        {
          "index_key": "topic-a",
          "schema_version": 0,
          "attributes": {
            "id": "projects/terraform-test-hejda/topics/topic-a",
            "kms_key_name": "",
            "labels": {},
            "message_storage_policy": [],
            "name": "topic-a",
            "project": "terraform-test-hejda",
            "schema_settings": [],
            "timeouts": null
          },
          "sensitive_attributes": [],
          "private": "eyJlMmJmYjczMC1lY2FhLTExZTYtOGY4OC0zNDM2M2JjN2M0YzAiOnsiY3JlYXRlIjozNjAwMDAwMDAwMDAsImRlbGV0ZSI6MjQwMDAwMDAwMDAwLCJ1cGRhdGUiOjM2MDAwMDAwMDAwMH19"
        },
        {
          "index_key": "topic-b",
          "schema_version": 0,
          "attributes": {
            "id": "projects/terraform-test-hejda/topics/topic-b",
            "kms_key_name": "",
            "labels": {},
            "message_storage_policy": [],
            "name": "topic-b",
            "project": "terraform-test-hejda",
            "schema_settings": [],
            "timeouts": null
          },
          "sensitive_attributes": [],
          "private": "eyJlMmJmYjczMC1lY2FhLTExZTYtOGY4OC0zNDM2M2JjN2M0YzAiOnsiY3JlYXRlIjozNjAwMDAwMDAwMDAsImRlbGV0ZSI6MjQwMDAwMDAwMDAwLCJ1cGRhdGUiOjM2MDAwMDAwMDAwMH19"
        },
        {
          "index_key": "topic-c",
          "schema_version": 0,
          "attributes": {
            "id": "projects/terraform-test-hejda/topics/topic-c",
            "kms_key_name": "",
            "labels": {},
            "message_storage_policy": [],
            "name": "topic-c",
            "project": "terraform-test-hejda",
            "schema_settings": [],
            "timeouts": null
          },
          "sensitive_attributes": [],
          "private": "eyJlMmJmYjczMC1lY2FhLTExZTYtOGY4OC0zNDM2M2JjN2M0YzAiOnsiY3JlYXRlIjozNjAwMDAwMDAwMDAsImRlbGV0ZSI6MjQwMDAwMDAwMDAwLCJ1cGRhdGUiOjM2MDAwMDAwMDAwMH19"
        }
      ]
    },
    {
      "module": "module.pubsub",
      "mode": "managed",
      "type": "google_pubsub_topic",
      "name": "dlq",
      "provider": "provider[\"registry.terraform.io/hashicorp/google\"]",
      "instances": [
        {
          "index_key": "topic-b",
          "schema_version": 0,
          "attributes": {
            "id": "projects/terraform-test-hejda/topics/topic-b-error",
            "kms_key_name": "",
            "labels": {},
            "message_storage_policy": [],
            "name": "topic-b-error",
            "project": "terraform-test-hejda",
            "schema_settings": [],
            "timeouts": null
          },
          "sensitive_attributes": [],
          "private": "eyJlMmJmYjczMC1lY2FhLTExZTYtOGY4OC0zNDM2M2JjN2M0YzAiOnsiY3JlYXRlIjozNjAwMDAwMDAwMDAsImRlbGV0ZSI6MjQwMDAwMDAwMDAwLCJ1cGRhdGUiOjM2MDAwMDAwMDAwMH19",
          "dependencies": [
            "module.pubsub.google_pubsub_topic.default"
          ]
        }
      ]
    },
    {
      "module": "module.pubsub",
      "mode": "managed",
      "type": "google_pubsub_topic_iam_member",
      "name": "internal_publishers",
      "provider": "provider[\"registry.terraform.io/hashicorp/google\"]",
      "instances": [
        {
          "index_key": "topic-b-error",
          "schema_version": 0,
          "attributes": {
            "condition": [],
            "etag": "BwXMf75M1nM=",
            "id": "projects/terraform-test-hejda/topics/topic-b-error/roles/pubsub.publisher/serviceAccount:service-679168041743@gcp-sa-pubsub.iam.gserviceaccount.com",
            "member": "serviceAccount:service-679168041743@gcp-sa-pubsub.iam.gserviceaccount.com",
            "project": "terraform-test-hejda",
            "role": "roles/pubsub.publisher",
            "topic": "projects/terraform-test-hejda/topics/topic-b-error"
          },
          "sensitive_attributes": [],
          "private": "bnVsbA==",
          "dependencies": [
            "module.pubsub.data.google_project.project",
            "module.pubsub.google_pubsub_topic.default",
            "module.pubsub.google_pubsub_topic.dlq"
          ]
        }
      ]
    }
  ]
}
